[[package]]
name = "aho-corasick"
version = "0.6.4"
source = "registry+https://mirrors.ustc.edu.cn/crates.io-index/"
dependencies = [
 "memchr 2.0.1 (registry+https://mirrors.ustc.edu.cn/crates.io-index/)",
]

[[package]]
name = "atoi"
version = "0.2.3"
source = "registry+https://mirrors.ustc.edu.cn/crates.io-index/"
dependencies = [
 "num-traits 0.2.4 (registry+https://mirrors.ustc.edu.cn/crates.io-index/)",
]

[[package]]
name = "base64"
version = "0.6.0"
source = "registry+https://mirrors.ustc.edu.cn/crates.io-index/"
dependencies = [
 "byteorder 1.2.3 (registry+https://mirrors.ustc.edu.cn/crates.io-index/)",
 "safemem 0.2.0 (registry+https://mirrors.ustc.edu.cn/crates.io-index/)",
]

[[package]]
name = "bit-vec"
version = "0.5.0"
source = "registry+https://mirrors.ustc.edu.cn/crates.io-index/"

[[package]]
name = "bitflags"
version = "1.0.3"
source = "registry+https://mirrors.ustc.edu.cn/crates.io-index/"

[[package]]
name = "bufstream"
version = "0.1.3"
source = "registry+https://mirrors.ustc.edu.cn/crates.io-index/"

[[package]]
name = "byteorder"
version = "1.2.3"
source = "registry+https://mirrors.ustc.edu.cn/crates.io-index/"

[[package]]
name = "bytes"
version = "0.4.7"
source = "registry+https://mirrors.ustc.edu.cn/crates.io-index/"
dependencies = [
 "byteorder 1.2.3 (registry+https://mirrors.ustc.edu.cn/crates.io-index/)",
 "iovec 0.1.2 (registry+https://mirrors.ustc.edu.cn/crates.io-index/)",
]

[[package]]
name = "cc"
version = "1.0.15"
source = "registry+https://mirrors.ustc.edu.cn/crates.io-index/"

[[package]]
name = "cfg-if"
version = "0.1.3"
source = "registry+https://mirrors.ustc.edu.cn/crates.io-index/"

[[package]]
name = "chrono"
version = "0.4.2"
source = "registry+https://mirrors.ustc.edu.cn/crates.io-index/"
dependencies = [
 "num-integer 0.1.38 (registry+https://mirrors.ustc.edu.cn/crates.io-index/)",
 "num-traits 0.2.4 (registry+https://mirrors.ustc.edu.cn/crates.io-index/)",
 "time 0.1.40 (registry+https://mirrors.ustc.edu.cn/crates.io-index/)",
]

[[package]]
name = "dtoa"
version = "0.4.2"
source = "registry+https://mirrors.ustc.edu.cn/crates.io-index/"

[[package]]
name = "flate2"
version = "1.0.1"
source = "registry+https://mirrors.ustc.edu.cn/crates.io-index/"
dependencies = [
 "libc 0.2.40 (registry+https://mirrors.ustc.edu.cn/crates.io-index/)",
 "miniz-sys 0.1.10 (registry+https://mirrors.ustc.edu.cn/crates.io-index/)",
]

[[package]]
name = "fnv"
version = "1.0.6"
source = "registry+https://mirrors.ustc.edu.cn/crates.io-index/"

[[package]]
name = "fuchsia-zircon"
version = "0.3.3"
source = "registry+https://mirrors.ustc.edu.cn/crates.io-index/"
dependencies = [
 "bitflags 1.0.3 (registry+https://mirrors.ustc.edu.cn/crates.io-index/)",
 "fuchsia-zircon-sys 0.3.3 (registry+https://mirrors.ustc.edu.cn/crates.io-index/)",
]

[[package]]
name = "fuchsia-zircon-sys"
version = "0.3.3"
source = "registry+https://mirrors.ustc.edu.cn/crates.io-index/"

[[package]]
name = "gcc"
version = "0.3.54"
source = "registry+https://mirrors.ustc.edu.cn/crates.io-index/"

[[package]]
name = "httparse"
version = "1.2.4"
source = "registry+https://mirrors.ustc.edu.cn/crates.io-index/"

[[package]]
name = "hyper"
version = "0.10.13"
source = "registry+https://mirrors.ustc.edu.cn/crates.io-index/"
dependencies = [
 "base64 0.6.0 (registry+https://mirrors.ustc.edu.cn/crates.io-index/)",
 "httparse 1.2.4 (registry+https://mirrors.ustc.edu.cn/crates.io-index/)",
 "language-tags 0.2.2 (registry+https://mirrors.ustc.edu.cn/crates.io-index/)",
 "log 0.3.9 (registry+https://mirrors.ustc.edu.cn/crates.io-index/)",
 "mime 0.2.6 (registry+https://mirrors.ustc.edu.cn/crates.io-index/)",
 "num_cpus 1.8.0 (registry+https://mirrors.ustc.edu.cn/crates.io-index/)",
 "time 0.1.40 (registry+https://mirrors.ustc.edu.cn/crates.io-index/)",
 "traitobject 0.1.0 (registry+https://mirrors.ustc.edu.cn/crates.io-index/)",
 "typeable 0.1.2 (registry+https://mirrors.ustc.edu.cn/crates.io-index/)",
 "unicase 1.4.2 (registry+https://mirrors.ustc.edu.cn/crates.io-index/)",
 "url 1.7.0 (registry+https://mirrors.ustc.edu.cn/crates.io-index/)",
]

[[package]]
name = "idna"
version = "0.1.4"
source = "registry+https://mirrors.ustc.edu.cn/crates.io-index/"
dependencies = [
 "matches 0.1.6 (registry+https://mirrors.ustc.edu.cn/crates.io-index/)",
 "unicode-bidi 0.3.4 (registry+https://mirrors.ustc.edu.cn/crates.io-index/)",
 "unicode-normalization 0.1.7 (registry+https://mirrors.ustc.edu.cn/crates.io-index/)",
]

[[package]]
name = "iovec"
version = "0.1.2"
source = "registry+https://mirrors.ustc.edu.cn/crates.io-index/"
dependencies = [
 "libc 0.2.40 (registry+https://mirrors.ustc.edu.cn/crates.io-index/)",
 "winapi 0.2.8 (registry+https://mirrors.ustc.edu.cn/crates.io-index/)",
]

[[package]]
name = "iron"
version = "0.6.0"
source = "registry+https://mirrors.ustc.edu.cn/crates.io-index/"
dependencies = [
 "hyper 0.10.13 (registry+https://mirrors.ustc.edu.cn/crates.io-index/)",
 "log 0.3.9 (registry+https://mirrors.ustc.edu.cn/crates.io-index/)",
 "mime_guess 1.8.4 (registry+https://mirrors.ustc.edu.cn/crates.io-index/)",
 "modifier 0.1.0 (registry+https://mirrors.ustc.edu.cn/crates.io-index/)",
 "num_cpus 1.8.0 (registry+https://mirrors.ustc.edu.cn/crates.io-index/)",
 "plugin 0.2.6 (registry+https://mirrors.ustc.edu.cn/crates.io-index/)",
 "typemap 0.3.3 (registry+https://mirrors.ustc.edu.cn/crates.io-index/)",
 "url 1.7.0 (registry+https://mirrors.ustc.edu.cn/crates.io-index/)",
]

[[package]]
name = "itoa"
version = "0.4.1"
source = "registry+https://mirrors.ustc.edu.cn/crates.io-index/"

[[package]]
name = "kernel32-sys"
version = "0.2.2"
source = "registry+https://mirrors.ustc.edu.cn/crates.io-index/"
dependencies = [
 "winapi 0.2.8 (registry+https://mirrors.ustc.edu.cn/crates.io-index/)",
 "winapi-build 0.1.1 (registry+https://mirrors.ustc.edu.cn/crates.io-index/)",
]

[[package]]
name = "language-tags"
version = "0.2.2"
source = "registry+https://mirrors.ustc.edu.cn/crates.io-index/"

[[package]]
name = "lazy_static"
version = "1.0.0"
source = "registry+https://mirrors.ustc.edu.cn/crates.io-index/"

[[package]]
name = "libc"
version = "0.2.40"
source = "registry+https://mirrors.ustc.edu.cn/crates.io-index/"

[[package]]
name = "linked-hash-map"
version = "0.5.1"
source = "registry+https://mirrors.ustc.edu.cn/crates.io-index/"

[[package]]
name = "log"
version = "0.3.9"
source = "registry+https://mirrors.ustc.edu.cn/crates.io-index/"
dependencies = [
 "log 0.4.1 (registry+https://mirrors.ustc.edu.cn/crates.io-index/)",
]

[[package]]
name = "log"
version = "0.4.1"
source = "registry+https://mirrors.ustc.edu.cn/crates.io-index/"
dependencies = [
 "cfg-if 0.1.3 (registry+https://mirrors.ustc.edu.cn/crates.io-index/)",
]

[[package]]
name = "matches"
version = "0.1.6"
source = "registry+https://mirrors.ustc.edu.cn/crates.io-index/"

[[package]]
name = "memchr"
version = "2.0.1"
source = "registry+https://mirrors.ustc.edu.cn/crates.io-index/"
dependencies = [
 "libc 0.2.40 (registry+https://mirrors.ustc.edu.cn/crates.io-index/)",
]

[[package]]
name = "mime"
version = "0.2.6"
source = "registry+https://mirrors.ustc.edu.cn/crates.io-index/"
dependencies = [
 "log 0.3.9 (registry+https://mirrors.ustc.edu.cn/crates.io-index/)",
]

[[package]]
name = "mime_guess"
version = "1.8.4"
source = "registry+https://mirrors.ustc.edu.cn/crates.io-index/"
dependencies = [
 "mime 0.2.6 (registry+https://mirrors.ustc.edu.cn/crates.io-index/)",
 "phf 0.7.22 (registry+https://mirrors.ustc.edu.cn/crates.io-index/)",
 "phf_codegen 0.7.22 (registry+https://mirrors.ustc.edu.cn/crates.io-index/)",
 "unicase 1.4.2 (registry+https://mirrors.ustc.edu.cn/crates.io-index/)",
]

[[package]]
name = "miniz-sys"
version = "0.1.10"
source = "registry+https://mirrors.ustc.edu.cn/crates.io-index/"
dependencies = [
 "cc 1.0.15 (registry+https://mirrors.ustc.edu.cn/crates.io-index/)",
 "libc 0.2.40 (registry+https://mirrors.ustc.edu.cn/crates.io-index/)",
]

[[package]]
name = "modifier"
version = "0.1.0"
source = "registry+https://mirrors.ustc.edu.cn/crates.io-index/"

[[package]]
name = "mysql"
version = "13.0.0"
source = "registry+https://mirrors.ustc.edu.cn/crates.io-index/"
dependencies = [
 "bit-vec 0.5.0 (registry+https://mirrors.ustc.edu.cn/crates.io-index/)",
 "bufstream 0.1.3 (registry+https://mirrors.ustc.edu.cn/crates.io-index/)",
 "byteorder 1.2.3 (registry+https://mirrors.ustc.edu.cn/crates.io-index/)",
 "flate2 1.0.1 (registry+https://mirrors.ustc.edu.cn/crates.io-index/)",
 "fnv 1.0.6 (registry+https://mirrors.ustc.edu.cn/crates.io-index/)",
 "libc 0.2.40 (registry+https://mirrors.ustc.edu.cn/crates.io-index/)",
 "mysql_common 0.6.0 (registry+https://mirrors.ustc.edu.cn/crates.io-index/)",
 "named_pipe 0.3.0 (registry+https://mirrors.ustc.edu.cn/crates.io-index/)",
 "net2 0.2.32 (registry+https://mirrors.ustc.edu.cn/crates.io-index/)",
 "nix 0.10.0 (registry+https://mirrors.ustc.edu.cn/crates.io-index/)",
 "regex 1.0.0 (registry+https://mirrors.ustc.edu.cn/crates.io-index/)",
 "serde 1.0.55 (registry+https://mirrors.ustc.edu.cn/crates.io-index/)",
 "serde_json 1.0.17 (registry+https://mirrors.ustc.edu.cn/crates.io-index/)",
 "smallvec 0.6.1 (registry+https://mirrors.ustc.edu.cn/crates.io-index/)",
 "twox-hash 1.1.0 (registry+https://mirrors.ustc.edu.cn/crates.io-index/)",
 "url 1.7.0 (registry+https://mirrors.ustc.edu.cn/crates.io-index/)",
 "winapi 0.3.4 (registry+https://mirrors.ustc.edu.cn/crates.io-index/)",
]

[[package]]
name = "mysql_common"
version = "0.6.0"
source = "registry+https://mirrors.ustc.edu.cn/crates.io-index/"
dependencies = [
 "atoi 0.2.3 (registry+https://mirrors.ustc.edu.cn/crates.io-index/)",
 "bit-vec 0.5.0 (registry+https://mirrors.ustc.edu.cn/crates.io-index/)",
 "bitflags 1.0.3 (registry+https://mirrors.ustc.edu.cn/crates.io-index/)",
 "byteorder 1.2.3 (registry+https://mirrors.ustc.edu.cn/crates.io-index/)",
 "chrono 0.4.2 (registry+https://mirrors.ustc.edu.cn/crates.io-index/)",
 "lazy_static 1.0.0 (registry+https://mirrors.ustc.edu.cn/crates.io-index/)",
 "regex 1.0.0 (registry+https://mirrors.ustc.edu.cn/crates.io-index/)",
 "serde 1.0.55 (registry+https://mirrors.ustc.edu.cn/crates.io-index/)",
 "serde_json 1.0.17 (registry+https://mirrors.ustc.edu.cn/crates.io-index/)",
 "sha1 0.6.0 (registry+https://mirrors.ustc.edu.cn/crates.io-index/)",
 "smallvec 0.6.1 (registry+https://mirrors.ustc.edu.cn/crates.io-index/)",
 "time 0.1.40 (registry+https://mirrors.ustc.edu.cn/crates.io-index/)",
 "twox-hash 1.1.0 (registry+https://mirrors.ustc.edu.cn/crates.io-index/)",
 "uuid 0.6.3 (registry+https://mirrors.ustc.edu.cn/crates.io-index/)",
]

[[package]]
name = "named_pipe"
version = "0.3.0"
source = "registry+https://mirrors.ustc.edu.cn/crates.io-index/"
dependencies = [
 "kernel32-sys 0.2.2 (registry+https://mirrors.ustc.edu.cn/crates.io-index/)",
 "winapi 0.2.8 (registry+https://mirrors.ustc.edu.cn/crates.io-index/)",
]

[[package]]
name = "net2"
version = "0.2.32"
source = "registry+https://mirrors.ustc.edu.cn/crates.io-index/"
dependencies = [
 "cfg-if 0.1.3 (registry+https://mirrors.ustc.edu.cn/crates.io-index/)",
 "libc 0.2.40 (registry+https://mirrors.ustc.edu.cn/crates.io-index/)",
 "winapi 0.3.4 (registry+https://mirrors.ustc.edu.cn/crates.io-index/)",
]

[[package]]
name = "nix"
version = "0.10.0"
source = "registry+https://mirrors.ustc.edu.cn/crates.io-index/"
dependencies = [
 "bitflags 1.0.3 (registry+https://mirrors.ustc.edu.cn/crates.io-index/)",
 "bytes 0.4.7 (registry+https://mirrors.ustc.edu.cn/crates.io-index/)",
 "cfg-if 0.1.3 (registry+https://mirrors.ustc.edu.cn/crates.io-index/)",
 "gcc 0.3.54 (registry+https://mirrors.ustc.edu.cn/crates.io-index/)",
 "libc 0.2.40 (registry+https://mirrors.ustc.edu.cn/crates.io-index/)",
 "void 1.0.2 (registry+https://mirrors.ustc.edu.cn/crates.io-index/)",
]

[[package]]
name = "num-integer"
version = "0.1.38"
source = "registry+https://mirrors.ustc.edu.cn/crates.io-index/"
dependencies = [
 "num-traits 0.2.4 (registry+https://mirrors.ustc.edu.cn/crates.io-index/)",
]

[[package]]
name = "num-traits"
version = "0.2.4"
source = "registry+https://mirrors.ustc.edu.cn/crates.io-index/"

[[package]]
name = "num_cpus"
version = "1.8.0"
source = "registry+https://mirrors.ustc.edu.cn/crates.io-index/"
dependencies = [
 "libc 0.2.40 (registry+https://mirrors.ustc.edu.cn/crates.io-index/)",
]

[[package]]
name = "percent-encoding"
version = "1.0.1"
source = "registry+https://mirrors.ustc.edu.cn/crates.io-index/"

[[package]]
name = "persistent"
version = "0.4.0"
source = "registry+https://mirrors.ustc.edu.cn/crates.io-index/"
dependencies = [
 "iron 0.6.0 (registry+https://mirrors.ustc.edu.cn/crates.io-index/)",
 "plugin 0.2.6 (registry+https://mirrors.ustc.edu.cn/crates.io-index/)",
]

[[package]]
name = "phf"
version = "0.7.22"
source = "registry+https://mirrors.ustc.edu.cn/crates.io-index/"
dependencies = [
 "phf_shared 0.7.22 (registry+https://mirrors.ustc.edu.cn/crates.io-index/)",
]

[[package]]
name = "phf_codegen"
version = "0.7.22"
source = "registry+https://mirrors.ustc.edu.cn/crates.io-index/"
dependencies = [
 "phf_generator 0.7.22 (registry+https://mirrors.ustc.edu.cn/crates.io-index/)",
 "phf_shared 0.7.22 (registry+https://mirrors.ustc.edu.cn/crates.io-index/)",
]

[[package]]
name = "phf_generator"
version = "0.7.22"
source = "registry+https://mirrors.ustc.edu.cn/crates.io-index/"
dependencies = [
 "phf_shared 0.7.22 (registry+https://mirrors.ustc.edu.cn/crates.io-index/)",
 "rand 0.4.2 (registry+https://mirrors.ustc.edu.cn/crates.io-index/)",
]

[[package]]
name = "phf_shared"
version = "0.7.22"
source = "registry+https://mirrors.ustc.edu.cn/crates.io-index/"
dependencies = [
 "siphasher 0.2.2 (registry+https://mirrors.ustc.edu.cn/crates.io-index/)",
 "unicase 1.4.2 (registry+https://mirrors.ustc.edu.cn/crates.io-index/)",
]

[[package]]
name = "plugin"
version = "0.2.6"
source = "registry+https://mirrors.ustc.edu.cn/crates.io-index/"
dependencies = [
 "typemap 0.3.3 (registry+https://mirrors.ustc.edu.cn/crates.io-index/)",
]

[[package]]
name = "proc-macro2"
version = "0.3.8"
source = "registry+https://mirrors.ustc.edu.cn/crates.io-index/"
dependencies = [
 "unicode-xid 0.1.0 (registry+https://mirrors.ustc.edu.cn/crates.io-index/)",
]

[[package]]
name = "quote"
version = "0.5.2"
source = "registry+https://mirrors.ustc.edu.cn/crates.io-index/"
dependencies = [
 "proc-macro2 0.3.8 (registry+https://mirrors.ustc.edu.cn/crates.io-index/)",
]

[[package]]
name = "rand"
version = "0.3.22"
source = "registry+https://mirrors.ustc.edu.cn/crates.io-index/"
dependencies = [
 "fuchsia-zircon 0.3.3 (registry+https://mirrors.ustc.edu.cn/crates.io-index/)",
 "libc 0.2.40 (registry+https://mirrors.ustc.edu.cn/crates.io-index/)",
 "rand 0.4.2 (registry+https://mirrors.ustc.edu.cn/crates.io-index/)",
]

[[package]]
name = "rand"
version = "0.4.2"
source = "registry+https://mirrors.ustc.edu.cn/crates.io-index/"
dependencies = [
 "fuchsia-zircon 0.3.3 (registry+https://mirrors.ustc.edu.cn/crates.io-index/)",
 "libc 0.2.40 (registry+https://mirrors.ustc.edu.cn/crates.io-index/)",
 "winapi 0.3.4 (registry+https://mirrors.ustc.edu.cn/crates.io-index/)",
]

[[package]]
name = "redox_syscall"
version = "0.1.37"
source = "registry+https://mirrors.ustc.edu.cn/crates.io-index/"

[[package]]
name = "regex"
version = "1.0.0"
source = "registry+https://mirrors.ustc.edu.cn/crates.io-index/"
dependencies = [
 "aho-corasick 0.6.4 (registry+https://mirrors.ustc.edu.cn/crates.io-index/)",
 "memchr 2.0.1 (registry+https://mirrors.ustc.edu.cn/crates.io-index/)",
 "regex-syntax 0.6.0 (registry+https://mirrors.ustc.edu.cn/crates.io-index/)",
 "thread_local 0.3.5 (registry+https://mirrors.ustc.edu.cn/crates.io-index/)",
 "utf8-ranges 1.0.0 (registry+https://mirrors.ustc.edu.cn/crates.io-index/)",
]

[[package]]
name = "regex-syntax"
version = "0.6.0"
source = "registry+https://mirrors.ustc.edu.cn/crates.io-index/"
dependencies = [
 "ucd-util 0.1.1 (registry+https://mirrors.ustc.edu.cn/crates.io-index/)",
]

[[package]]
name = "route-recognizer"
version = "0.1.12"
source = "registry+https://mirrors.ustc.edu.cn/crates.io-index/"

[[package]]
name = "router"
version = "0.6.0"
source = "registry+https://mirrors.ustc.edu.cn/crates.io-index/"
dependencies = [
 "iron 0.6.0 (registry+https://mirrors.ustc.edu.cn/crates.io-index/)",
 "route-recognizer 0.1.12 (registry+https://mirrors.ustc.edu.cn/crates.io-index/)",
 "url 1.7.0 (registry+https://mirrors.ustc.edu.cn/crates.io-index/)",
]

[[package]]
name = "rustont-explorer"
version = "0.1.0"
dependencies = [
 "iron 0.6.0 (registry+https://mirrors.ustc.edu.cn/crates.io-index/)",
 "mysql 13.0.0 (registry+https://mirrors.ustc.edu.cn/crates.io-index/)",
 "persistent 0.4.0 (registry+https://mirrors.ustc.edu.cn/crates.io-index/)",
 "router 0.6.0 (registry+https://mirrors.ustc.edu.cn/crates.io-index/)",
 "serde 1.0.55 (registry+https://mirrors.ustc.edu.cn/crates.io-index/)",
 "serde_derive 1.0.55 (registry+https://mirrors.ustc.edu.cn/crates.io-index/)",
 "serde_json 1.0.17 (registry+https://mirrors.ustc.edu.cn/crates.io-index/)",
 "serde_yaml 0.7.4 (registry+https://mirrors.ustc.edu.cn/crates.io-index/)",
]

[[package]]
name = "safemem"
version = "0.2.0"
source = "registry+https://mirrors.ustc.edu.cn/crates.io-index/"

[[package]]
name = "serde"
version = "1.0.55"
source = "registry+https://mirrors.ustc.edu.cn/crates.io-index/"

[[package]]
name = "serde_derive"
version = "1.0.55"
source = "registry+https://mirrors.ustc.edu.cn/crates.io-index/"
dependencies = [
 "proc-macro2 0.3.8 (registry+https://mirrors.ustc.edu.cn/crates.io-index/)",
 "quote 0.5.2 (registry+https://mirrors.ustc.edu.cn/crates.io-index/)",
 "syn 0.13.10 (registry+https://mirrors.ustc.edu.cn/crates.io-index/)",
]

[[package]]
name = "serde_json"
version = "1.0.17"
source = "registry+https://mirrors.ustc.edu.cn/crates.io-index/"
dependencies = [
 "dtoa 0.4.2 (registry+https://mirrors.ustc.edu.cn/crates.io-index/)",
 "itoa 0.4.1 (registry+https://mirrors.ustc.edu.cn/crates.io-index/)",
 "serde 1.0.55 (registry+https://mirrors.ustc.edu.cn/crates.io-index/)",
]

[[package]]
name = "serde_yaml"
version = "0.7.4"
source = "registry+https://mirrors.ustc.edu.cn/crates.io-index/"
dependencies = [
 "dtoa 0.4.2 (registry+https://mirrors.ustc.edu.cn/crates.io-index/)",
 "linked-hash-map 0.5.1 (registry+https://mirrors.ustc.edu.cn/crates.io-index/)",
 "serde 1.0.55 (registry+https://mirrors.ustc.edu.cn/crates.io-index/)",
 "yaml-rust 0.4.0 (registry+https://mirrors.ustc.edu.cn/crates.io-index/)",
]

[[package]]
name = "sha1"
version = "0.6.0"
source = "registry+https://mirrors.ustc.edu.cn/crates.io-index/"

[[package]]
name = "siphasher"
version = "0.2.2"
source = "registry+https://mirrors.ustc.edu.cn/crates.io-index/"

[[package]]
name = "smallvec"
version = "0.6.1"
source = "registry+https://mirrors.ustc.edu.cn/crates.io-index/"

[[package]]
name = "syn"
version = "0.13.10"
source = "registry+https://mirrors.ustc.edu.cn/crates.io-index/"
dependencies = [
 "proc-macro2 0.3.8 (registry+https://mirrors.ustc.edu.cn/crates.io-index/)",
 "quote 0.5.2 (registry+https://mirrors.ustc.edu.cn/crates.io-index/)",
 "unicode-xid 0.1.0 (registry+https://mirrors.ustc.edu.cn/crates.io-index/)",
]

[[package]]
name = "thread_local"
version = "0.3.5"
source = "registry+https://mirrors.ustc.edu.cn/crates.io-index/"
dependencies = [
 "lazy_static 1.0.0 (registry+https://mirrors.ustc.edu.cn/crates.io-index/)",
 "unreachable 1.0.0 (registry+https://mirrors.ustc.edu.cn/crates.io-index/)",
]

[[package]]
name = "time"
version = "0.1.40"
source = "registry+https://mirrors.ustc.edu.cn/crates.io-index/"
dependencies = [
 "libc 0.2.40 (registry+https://mirrors.ustc.edu.cn/crates.io-index/)",
 "redox_syscall 0.1.37 (registry+https://mirrors.ustc.edu.cn/crates.io-index/)",
 "winapi 0.3.4 (registry+https://mirrors.ustc.edu.cn/crates.io-index/)",
]

[[package]]
name = "traitobject"
version = "0.1.0"
source = "registry+https://mirrors.ustc.edu.cn/crates.io-index/"

[[package]]
name = "twox-hash"
version = "1.1.0"
source = "registry+https://mirrors.ustc.edu.cn/crates.io-index/"
dependencies = [
 "rand 0.3.22 (registry+https://mirrors.ustc.edu.cn/crates.io-index/)",
]

[[package]]
name = "typeable"
version = "0.1.2"
source = "registry+https://mirrors.ustc.edu.cn/crates.io-index/"

[[package]]
name = "typemap"
version = "0.3.3"
source = "registry+https://mirrors.ustc.edu.cn/crates.io-index/"
dependencies = [
 "unsafe-any 0.4.2 (registry+https://mirrors.ustc.edu.cn/crates.io-index/)",
]

[[package]]
name = "ucd-util"
version = "0.1.1"
source = "registry+https://mirrors.ustc.edu.cn/crates.io-index/"

[[package]]
name = "unicase"
version = "1.4.2"
source = "registry+https://mirrors.ustc.edu.cn/crates.io-index/"
dependencies = [
 "version_check 0.1.3 (registry+https://mirrors.ustc.edu.cn/crates.io-index/)",
]

[[package]]
name = "unicode-bidi"
version = "0.3.4"
source = "registry+https://mirrors.ustc.edu.cn/crates.io-index/"
dependencies = [
 "matches 0.1.6 (registry+https://mirrors.ustc.edu.cn/crates.io-index/)",
]

[[package]]
name = "unicode-normalization"
version = "0.1.7"
source = "registry+https://mirrors.ustc.edu.cn/crates.io-index/"

[[package]]
name = "unicode-xid"
version = "0.1.0"
source = "registry+https://mirrors.ustc.edu.cn/crates.io-index/"

[[package]]
name = "unreachable"
version = "1.0.0"
source = "registry+https://mirrors.ustc.edu.cn/crates.io-index/"
dependencies = [
 "void 1.0.2 (registry+https://mirrors.ustc.edu.cn/crates.io-index/)",
]

[[package]]
name = "unsafe-any"
version = "0.4.2"
source = "registry+https://mirrors.ustc.edu.cn/crates.io-index/"
dependencies = [
 "traitobject 0.1.0 (registry+https://mirrors.ustc.edu.cn/crates.io-index/)",
]

[[package]]
name = "url"
version = "1.7.0"
source = "registry+https://mirrors.ustc.edu.cn/crates.io-index/"
dependencies = [
 "idna 0.1.4 (registry+https://mirrors.ustc.edu.cn/crates.io-index/)",
 "matches 0.1.6 (registry+https://mirrors.ustc.edu.cn/crates.io-index/)",
 "percent-encoding 1.0.1 (registry+https://mirrors.ustc.edu.cn/crates.io-index/)",
]

[[package]]
name = "utf8-ranges"
version = "1.0.0"
source = "registry+https://mirrors.ustc.edu.cn/crates.io-index/"

[[package]]
name = "uuid"
version = "0.6.3"
source = "registry+https://mirrors.ustc.edu.cn/crates.io-index/"
dependencies = [
 "cfg-if 0.1.3 (registry+https://mirrors.ustc.edu.cn/crates.io-index/)",
]

[[package]]
name = "version_check"
version = "0.1.3"
source = "registry+https://mirrors.ustc.edu.cn/crates.io-index/"

[[package]]
name = "void"
version = "1.0.2"
source = "registry+https://mirrors.ustc.edu.cn/crates.io-index/"

[[package]]
name = "winapi"
version = "0.2.8"
source = "registry+https://mirrors.ustc.edu.cn/crates.io-index/"

[[package]]
name = "winapi"
version = "0.3.4"
source = "registry+https://mirrors.ustc.edu.cn/crates.io-index/"
dependencies = [
 "winapi-i686-pc-windows-gnu 0.4.0 (registry+https://mirrors.ustc.edu.cn/crates.io-index/)",
 "winapi-x86_64-pc-windows-gnu 0.4.0 (registry+https://mirrors.ustc.edu.cn/crates.io-index/)",
]

[[package]]
name = "winapi-build"
version = "0.1.1"
source = "registry+https://mirrors.ustc.edu.cn/crates.io-index/"

[[package]]
name = "winapi-i686-pc-windows-gnu"
version = "0.4.0"
source = "registry+https://mirrors.ustc.edu.cn/crates.io-index/"

[[package]]
name = "winapi-x86_64-pc-windows-gnu"
version = "0.4.0"
source = "registry+https://mirrors.ustc.edu.cn/crates.io-index/"

[[package]]
name = "yaml-rust"
version = "0.4.0"
source = "registry+https://mirrors.ustc.edu.cn/crates.io-index/"
dependencies = [
 "linked-hash-map 0.5.1 (registry+https://mirrors.ustc.edu.cn/crates.io-index/)",
]

[metadata]
"checksum aho-corasick 0.6.4 (registry+https://mirrors.ustc.edu.cn/crates.io-index/)" = "d6531d44de723825aa81398a6415283229725a00fa30713812ab9323faa82fc4"
"checksum atoi 0.2.3 (registry+https://mirrors.ustc.edu.cn/crates.io-index/)" = "baa5dc0129ce09c8c87e2714a0b67c095d4a5e3261a7bbb3d7ac44d43d5dd190"
"checksum base64 0.6.0 (registry+https://mirrors.ustc.edu.cn/crates.io-index/)" = "96434f987501f0ed4eb336a411e0631ecd1afa11574fe148587adc4ff96143c9"
"checksum bit-vec 0.5.0 (registry+https://mirrors.ustc.edu.cn/crates.io-index/)" = "4440d5cb623bb7390ae27fec0bb6c61111969860f8e3ae198bfa0663645e67cf"
"checksum bitflags 1.0.3 (registry+https://mirrors.ustc.edu.cn/crates.io-index/)" = "d0c54bb8f454c567f21197eefcdbf5679d0bd99f2ddbe52e84c77061952e6789"
"checksum bufstream 0.1.3 (registry+https://mirrors.ustc.edu.cn/crates.io-index/)" = "f2f382711e76b9de6c744cc00d0497baba02fb00a787f088c879f01d09468e32"
"checksum byteorder 1.2.3 (registry+https://mirrors.ustc.edu.cn/crates.io-index/)" = "74c0b906e9446b0a2e4f760cdb3fa4b2c48cdc6db8766a845c54b6ff063fd2e9"
"checksum bytes 0.4.7 (registry+https://mirrors.ustc.edu.cn/crates.io-index/)" = "2f1d50c876fb7545f5f289cd8b2aee3f359d073ae819eed5d6373638e2c61e59"
"checksum cc 1.0.15 (registry+https://mirrors.ustc.edu.cn/crates.io-index/)" = "0ebb87d1116151416c0cf66a0e3fb6430cccd120fd6300794b4dfaa050ac40ba"
"checksum cfg-if 0.1.3 (registry+https://mirrors.ustc.edu.cn/crates.io-index/)" = "405216fd8fe65f718daa7102ea808a946b6ce40c742998fbfd3463645552de18"
"checksum chrono 0.4.2 (registry+https://mirrors.ustc.edu.cn/crates.io-index/)" = "1cce36c92cb605414e9b824f866f5babe0a0368e39ea07393b9b63cf3844c0e6"
"checksum dtoa 0.4.2 (registry+https://mirrors.ustc.edu.cn/crates.io-index/)" = "09c3753c3db574d215cba4ea76018483895d7bff25a31b49ba45db21c48e50ab"
"checksum flate2 1.0.1 (registry+https://mirrors.ustc.edu.cn/crates.io-index/)" = "9fac2277e84e5e858483756647a9d0aa8d9a2b7cba517fd84325a0aaa69a0909"
"checksum fnv 1.0.6 (registry+https://mirrors.ustc.edu.cn/crates.io-index/)" = "2fad85553e09a6f881f739c29f0b00b0f01357c743266d478b68951ce23285f3"
"checksum fuchsia-zircon 0.3.3 (registry+https://mirrors.ustc.edu.cn/crates.io-index/)" = "2e9763c69ebaae630ba35f74888db465e49e259ba1bc0eda7d06f4a067615d82"
"checksum fuchsia-zircon-sys 0.3.3 (registry+https://mirrors.ustc.edu.cn/crates.io-index/)" = "3dcaa9ae7725d12cdb85b3ad99a434db70b468c09ded17e012d86b5c1010f7a7"
"checksum gcc 0.3.54 (registry+https://mirrors.ustc.edu.cn/crates.io-index/)" = "5e33ec290da0d127825013597dbdfc28bee4964690c7ce1166cbc2a7bd08b1bb"
"checksum httparse 1.2.4 (registry+https://mirrors.ustc.edu.cn/crates.io-index/)" = "c2f407128745b78abc95c0ffbe4e5d37427fdc0d45470710cfef8c44522a2e37"
"checksum hyper 0.10.13 (registry+https://mirrors.ustc.edu.cn/crates.io-index/)" = "368cb56b2740ebf4230520e2b90ebb0461e69034d85d1945febd9b3971426db2"
"checksum idna 0.1.4 (registry+https://mirrors.ustc.edu.cn/crates.io-index/)" = "014b298351066f1512874135335d62a789ffe78a9974f94b43ed5621951eaf7d"
"checksum iovec 0.1.2 (registry+https://mirrors.ustc.edu.cn/crates.io-index/)" = "dbe6e417e7d0975db6512b90796e8ce223145ac4e33c377e4a42882a0e88bb08"
"checksum iron 0.6.0 (registry+https://mirrors.ustc.edu.cn/crates.io-index/)" = "1d8e17268922834707e1c29e8badbf9c712c9c43378e1b6a3388946baff10be2"
"checksum itoa 0.4.1 (registry+https://mirrors.ustc.edu.cn/crates.io-index/)" = "c069bbec61e1ca5a596166e55dfe4773ff745c3d16b700013bcaff9a6df2c682"
"checksum kernel32-sys 0.2.2 (registry+https://mirrors.ustc.edu.cn/crates.io-index/)" = "7507624b29483431c0ba2d82aece8ca6cdba9382bff4ddd0f7490560c056098d"
"checksum language-tags 0.2.2 (registry+https://mirrors.ustc.edu.cn/crates.io-index/)" = "a91d884b6667cd606bb5a69aa0c99ba811a115fc68915e7056ec08a46e93199a"
"checksum lazy_static 1.0.0 (registry+https://mirrors.ustc.edu.cn/crates.io-index/)" = "c8f31047daa365f19be14b47c29df4f7c3b581832407daabe6ae77397619237d"
"checksum libc 0.2.40 (registry+https://mirrors.ustc.edu.cn/crates.io-index/)" = "6fd41f331ac7c5b8ac259b8bf82c75c0fb2e469bbf37d2becbba9a6a2221965b"
"checksum linked-hash-map 0.5.1 (registry+https://mirrors.ustc.edu.cn/crates.io-index/)" = "70fb39025bc7cdd76305867c4eccf2f2dcf6e9a57f5b21a93e1c2d86cd03ec9e"
"checksum log 0.3.9 (registry+https://mirrors.ustc.edu.cn/crates.io-index/)" = "e19e8d5c34a3e0e2223db8e060f9e8264aeeb5c5fc64a4ee9965c062211c024b"
"checksum log 0.4.1 (registry+https://mirrors.ustc.edu.cn/crates.io-index/)" = "89f010e843f2b1a31dbd316b3b8d443758bc634bed37aabade59c686d644e0a2"
"checksum matches 0.1.6 (registry+https://mirrors.ustc.edu.cn/crates.io-index/)" = "100aabe6b8ff4e4a7e32c1c13523379802df0772b82466207ac25b013f193376"
"checksum memchr 2.0.1 (registry+https://mirrors.ustc.edu.cn/crates.io-index/)" = "796fba70e76612589ed2ce7f45282f5af869e0fdd7cc6199fa1aa1f1d591ba9d"
"checksum mime 0.2.6 (registry+https://mirrors.ustc.edu.cn/crates.io-index/)" = "ba626b8a6de5da682e1caa06bdb42a335aee5a84db8e5046a3e8ab17ba0a3ae0"
"checksum mime_guess 1.8.4 (registry+https://mirrors.ustc.edu.cn/crates.io-index/)" = "b7e2b09d08313f84e0fb82d13a4d859109a17543fe9af3b6d941dc1431f7de79"
"checksum miniz-sys 0.1.10 (registry+https://mirrors.ustc.edu.cn/crates.io-index/)" = "609ce024854aeb19a0ef7567d348aaa5a746b32fb72e336df7fcc16869d7e2b4"
"checksum modifier 0.1.0 (registry+https://mirrors.ustc.edu.cn/crates.io-index/)" = "41f5c9112cb662acd3b204077e0de5bc66305fa8df65c8019d5adb10e9ab6e58"
"checksum mysql 13.0.0 (registry+https://mirrors.ustc.edu.cn/crates.io-index/)" = "395708bd4711b8d1e4b0fbe87d66b6c81d79c3942c17e94a7b87b3811324429b"
"checksum mysql_common 0.6.0 (registry+https://mirrors.ustc.edu.cn/crates.io-index/)" = "f0b9783856f97346f98896321602801af87d948e34375162f74d0b9bff42b264"
"checksum named_pipe 0.3.0 (registry+https://mirrors.ustc.edu.cn/crates.io-index/)" = "8ed10a5ac4f5f7e5d75552b12c1d5d542debca81e573279dd1e4c19fde6efa6d"
"checksum net2 0.2.32 (registry+https://mirrors.ustc.edu.cn/crates.io-index/)" = "9044faf1413a1057267be51b5afba8eb1090bd2231c693664aa1db716fe1eae0"
"checksum nix 0.10.0 (registry+https://mirrors.ustc.edu.cn/crates.io-index/)" = "b7fd5681d13fda646462cfbd4e5f2051279a89a544d50eb98c365b507246839f"
"checksum num-integer 0.1.38 (registry+https://mirrors.ustc.edu.cn/crates.io-index/)" = "6ac0ea58d64a89d9d6b7688031b3be9358d6c919badcf7fbb0527ccfd891ee45"
"checksum num-traits 0.2.4 (registry+https://mirrors.ustc.edu.cn/crates.io-index/)" = "775393e285254d2f5004596d69bb8bc1149754570dcc08cf30cabeba67955e28"
"checksum num_cpus 1.8.0 (registry+https://mirrors.ustc.edu.cn/crates.io-index/)" = "c51a3322e4bca9d212ad9a158a02abc6934d005490c054a2778df73a70aa0a30"
"checksum percent-encoding 1.0.1 (registry+https://mirrors.ustc.edu.cn/crates.io-index/)" = "31010dd2e1ac33d5b46a5b413495239882813e0369f8ed8a5e266f173602f831"
"checksum persistent 0.4.0 (registry+https://mirrors.ustc.edu.cn/crates.io-index/)" = "8e8fa0009c4f3d350281309909c618abddf10bb7e3145f28410782f6a5ec74c5"
"checksum phf 0.7.22 (registry+https://mirrors.ustc.edu.cn/crates.io-index/)" = "7d37a244c75a9748e049225155f56dbcb98fe71b192fd25fd23cb914b5ad62f2"
"checksum phf_codegen 0.7.22 (registry+https://mirrors.ustc.edu.cn/crates.io-index/)" = "4e4048fe7dd7a06b8127ecd6d3803149126e9b33c7558879846da3a63f734f2b"
"checksum phf_generator 0.7.22 (registry+https://mirrors.ustc.edu.cn/crates.io-index/)" = "05a079dd052e7b674d21cb31cbb6c05efd56a2cd2827db7692e2f1a507ebd998"
"checksum phf_shared 0.7.22 (registry+https://mirrors.ustc.edu.cn/crates.io-index/)" = "c2261d544c2bb6aa3b10022b0be371b9c7c64f762ef28c6f5d4f1ef6d97b5930"
"checksum plugin 0.2.6 (registry+https://mirrors.ustc.edu.cn/crates.io-index/)" = "1a6a0dc3910bc8db877ffed8e457763b317cf880df4ae19109b9f77d277cf6e0"
"checksum proc-macro2 0.3.8 (registry+https://mirrors.ustc.edu.cn/crates.io-index/)" = "1b06e2f335f48d24442b35a19df506a835fb3547bc3c06ef27340da9acf5cae7"
"checksum quote 0.5.2 (registry+https://mirrors.ustc.edu.cn/crates.io-index/)" = "9949cfe66888ffe1d53e6ec9d9f3b70714083854be20fd5e271b232a017401e8"
"checksum rand 0.3.22 (registry+https://mirrors.ustc.edu.cn/crates.io-index/)" = "15a732abf9d20f0ad8eeb6f909bf6868722d9a06e1e50802b6a70351f40b4eb1"
"checksum rand 0.4.2 (registry+https://mirrors.ustc.edu.cn/crates.io-index/)" = "eba5f8cb59cc50ed56be8880a5c7b496bfd9bd26394e176bc67884094145c2c5"
"checksum redox_syscall 0.1.37 (registry+https://mirrors.ustc.edu.cn/crates.io-index/)" = "0d92eecebad22b767915e4d529f89f28ee96dbbf5a4810d2b844373f136417fd"
"checksum regex 1.0.0 (registry+https://mirrors.ustc.edu.cn/crates.io-index/)" = "75ecf88252dce580404a22444fc7d626c01815debba56a7f4f536772a5ff19d3"
"checksum regex-syntax 0.6.0 (registry+https://mirrors.ustc.edu.cn/crates.io-index/)" = "8f1ac0f60d675cc6cf13a20ec076568254472551051ad5dd050364d70671bf6b"
"checksum route-recognizer 0.1.12 (registry+https://mirrors.ustc.edu.cn/crates.io-index/)" = "cf3255338088df8146ba63d60a9b8e3556f1146ce2973bc05a75181a42ce2256"
"checksum router 0.6.0 (registry+https://mirrors.ustc.edu.cn/crates.io-index/)" = "dc63b6f3b8895b0d04e816b2b1aa58fdba2d5acca3cbb8f0ab8e017347d57397"
"checksum safemem 0.2.0 (registry+https://mirrors.ustc.edu.cn/crates.io-index/)" = "e27a8b19b835f7aea908818e871f5cc3a5a186550c30773be987e155e8163d8f"
"checksum serde 1.0.55 (registry+https://mirrors.ustc.edu.cn/crates.io-index/)" = "97f6a6c3caba0cf8f883b53331791036404ce3c1bd895961cf8bb2f8cecfd84b"
"checksum serde_derive 1.0.55 (registry+https://mirrors.ustc.edu.cn/crates.io-index/)" = "f51b0ef935cf8a41a77bce553da1f8751a739b7ad82dd73669475a22e6ecedb0"
"checksum serde_json 1.0.17 (registry+https://mirrors.ustc.edu.cn/crates.io-index/)" = "f3ad6d546e765177cf3dded3c2e424a8040f870083a0e64064746b958ece9cb1"
"checksum serde_yaml 0.7.4 (registry+https://mirrors.ustc.edu.cn/crates.io-index/)" = "107bb818146aaf922e7bbcf6a940f1db2f0dcf381779b451e400331b2c6f86db"
"checksum sha1 0.6.0 (registry+https://mirrors.ustc.edu.cn/crates.io-index/)" = "2579985fda508104f7587689507983eadd6a6e84dd35d6d115361f530916fa0d"
"checksum siphasher 0.2.2 (registry+https://mirrors.ustc.edu.cn/crates.io-index/)" = "0df90a788073e8d0235a67e50441d47db7c8ad9debd91cbf43736a2a92d36537"
"checksum smallvec 0.6.1 (registry+https://mirrors.ustc.edu.cn/crates.io-index/)" = "03dab98ab5ded3a8b43b2c80751194608d0b2aa0f1d46cf95d1c35e192844aa7"
"checksum syn 0.13.10 (registry+https://mirrors.ustc.edu.cn/crates.io-index/)" = "77961dcdac942fa8bc033c16f3a790b311c8a27d00811b878ebd8cf9b7ba39d5"
"checksum thread_local 0.3.5 (registry+https://mirrors.ustc.edu.cn/crates.io-index/)" = "279ef31c19ededf577bfd12dfae728040a21f635b06a24cd670ff510edd38963"
"checksum time 0.1.40 (registry+https://mirrors.ustc.edu.cn/crates.io-index/)" = "d825be0eb33fda1a7e68012d51e9c7f451dc1a69391e7fdc197060bb8c56667b"
"checksum traitobject 0.1.0 (registry+https://mirrors.ustc.edu.cn/crates.io-index/)" = "efd1f82c56340fdf16f2a953d7bda4f8fdffba13d93b00844c25572110b26079"
"checksum twox-hash 1.1.0 (registry+https://mirrors.ustc.edu.cn/crates.io-index/)" = "475352206e7a290c5fccc27624a163e8d0d115f7bb60ca18a64fc9ce056d7435"
"checksum typeable 0.1.2 (registry+https://mirrors.ustc.edu.cn/crates.io-index/)" = "1410f6f91f21d1612654e7cc69193b0334f909dcf2c790c4826254fbb86f8887"
"checksum typemap 0.3.3 (registry+https://mirrors.ustc.edu.cn/crates.io-index/)" = "653be63c80a3296da5551e1bfd2cca35227e13cdd08c6668903ae2f4f77aa1f6"
"checksum ucd-util 0.1.1 (registry+https://mirrors.ustc.edu.cn/crates.io-index/)" = "fd2be2d6639d0f8fe6cdda291ad456e23629558d466e2789d2c3e9892bda285d"
"checksum unicase 1.4.2 (registry+https://mirrors.ustc.edu.cn/crates.io-index/)" = "7f4765f83163b74f957c797ad9253caf97f103fb064d3999aea9568d09fc8a33"
"checksum unicode-bidi 0.3.4 (registry+https://mirrors.ustc.edu.cn/crates.io-index/)" = "49f2bd0c6468a8230e1db229cff8029217cf623c767ea5d60bfbd42729ea54d5"
"checksum unicode-normalization 0.1.7 (registry+https://mirrors.ustc.edu.cn/crates.io-index/)" = "6a0180bc61fc5a987082bfa111f4cc95c4caff7f9799f3e46df09163a937aa25"
"checksum unicode-xid 0.1.0 (registry+https://mirrors.ustc.edu.cn/crates.io-index/)" = "fc72304796d0818e357ead4e000d19c9c174ab23dc11093ac919054d20a6a7fc"
"checksum unreachable 1.0.0 (registry+https://mirrors.ustc.edu.cn/crates.io-index/)" = "382810877fe448991dfc7f0dd6e3ae5d58088fd0ea5e35189655f84e6814fa56"
"checksum unsafe-any 0.4.2 (registry+https://mirrors.ustc.edu.cn/crates.io-index/)" = "f30360d7979f5e9c6e6cea48af192ea8fab4afb3cf72597154b8f08935bc9c7f"
"checksum url 1.7.0 (registry+https://mirrors.ustc.edu.cn/crates.io-index/)" = "f808aadd8cfec6ef90e4a14eb46f24511824d1ac596b9682703c87056c8678b7"
"checksum utf8-ranges 1.0.0 (registry+https://mirrors.ustc.edu.cn/crates.io-index/)" = "662fab6525a98beff2921d7f61a39e7d59e0b425ebc7d0d9e66d316e55124122"
"checksum uuid 0.6.3 (registry+https://mirrors.ustc.edu.cn/crates.io-index/)" = "8630752f979f1b6b87c49830a5e3784082545de63920d59fbaac252474319447"
"checksum version_check 0.1.3 (registry+https://mirrors.ustc.edu.cn/crates.io-index/)" = "6b772017e347561807c1aa192438c5fd74242a670a6cffacc40f2defd1dc069d"
"checksum void 1.0.2 (registry+https://mirrors.ustc.edu.cn/crates.io-index/)" = "6a02e4885ed3bc0f2de90ea6dd45ebcbb66dacffe03547fadbb0eeae2770887d"
"checksum winapi 0.2.8 (registry+https://mirrors.ustc.edu.cn/crates.io-index/)" = "167dc9d6949a9b857f3451275e911c3f44255842c1f7a76f33c55103a909087a"
"checksum winapi 0.3.4 (registry+https://mirrors.ustc.edu.cn/crates.io-index/)" = "04e3bd221fcbe8a271359c04f21a76db7d0c6028862d1bb5512d85e1e2eb5bb3"
"checksum winapi-build 0.1.1 (registry+https://mirrors.ustc.edu.cn/crates.io-index/)" = "2d315eee3b34aca4797b2da6b13ed88266e6d612562a0c46390af8299fc699bc"
"checksum winapi-i686-pc-windows-gnu 0.4.0 (registry+https://mirrors.ustc.edu.cn/crates.io-index/)" = "ac3b87c63620426dd9b991e5ce0329eff545bccbbb34f3be09ff6fb6ab51b7b6"
"checksum winapi-x86_64-pc-windows-gnu 0.4.0 (registry+https://mirrors.ustc.edu.cn/crates.io-index/)" = "712e227841d057c1ee1cd2fb22fa7e5a5461ae8e48fa2ca79ec42cfc1931183f"
"checksum yaml-rust 0.4.0 (registry+https://mirrors.ustc.edu.cn/crates.io-index/)" = "57ab38ee1a4a266ed033496cf9af1828d8d6e6c1cfa5f643a2809effcae4d628"
